
Microsoft Visual Studio Solution File, Format Version 12.00
# Visual Studio Version 17
VisualStudioVersion = 17.7.34024.191
MinimumVisualStudioVersion = 10.0.40219.1
Project("{FAE04EC0-301F-11D3-BF4B-00C04F79EFBC}") = "Milestone7", "Milestone7.csproj", "{FA02CA1B-D948-43B6-AD46-8733A97C2C25}"
EndProject
Global
	GlobalSection(SolutionConfigurationPlatforms) = preSolution
		Debug|Any CPU = Debug|Any CPU
		Release|Any CPU = Release|Any CPU
	EndGlobalSection
	GlobalSection(ProjectConfigurationPlatforms) = postSolution
		{FA02CA1B-D948-43B6-AD46-8733A97C2C25}.Debug|Any CPU.ActiveCfg = Debug|Any CPU
		{FA02CA1B-D948-43B6-AD46-8733A97C2C25}.Debug|Any CPU.Build.0 = Debug|Any CPU
		{FA02CA1B-D948-43B6-AD46-8733A97C2C25}.Release|Any CPU.ActiveCfg = Release|Any CPU
		{FA02CA1B-D948-43B6-AD46-8733A97C2C25}.Release|Any CPU.Build.0 = Release|Any CPU
	EndGlobalSection
	GlobalSection(SolutionProperties) = preSolution
		HideSolutionNode = FALSE
	EndGlobalSection
	GlobalSection(ExtensibilityGlobals) = postSolution
		SolutionGuid = {123A4DAA-410D-4FE9-BDFE-E8B9038C0416}
	EndGlobalSection
EndGlobal
