
Microsoft Visual Studio Solution File, Format Version 12.00
# Visual Studio Version 17
VisualStudioVersion = 17.7.34024.191
MinimumVisualStudioVersion = 10.0.40219.1
Project("{FAE04EC0-301F-11D3-BF4B-00C04F79EFBC}") = "Milestone5", "Milestone5\Milestone5.csproj", "{F1BEA4D5-B594-4662-9A57-B215D668C993}"
EndProject
Global
	GlobalSection(SolutionConfigurationPlatforms) = preSolution
		Debug|Any CPU = Debug|Any CPU
		Release|Any CPU = Release|Any CPU
	EndGlobalSection
	GlobalSection(ProjectConfigurationPlatforms) = postSolution
		{F1BEA4D5-B594-4662-9A57-B215D668C993}.Debug|Any CPU.ActiveCfg = Debug|Any CPU
		{F1BEA4D5-B594-4662-9A57-B215D668C993}.Debug|Any CPU.Build.0 = Debug|Any CPU
		{F1BEA4D5-B594-4662-9A57-B215D668C993}.Release|Any CPU.ActiveCfg = Release|Any CPU
		{F1BEA4D5-B594-4662-9A57-B215D668C993}.Release|Any CPU.Build.0 = Release|Any CPU
	EndGlobalSection
	GlobalSection(SolutionProperties) = preSolution
		HideSolutionNode = FALSE
	EndGlobalSection
	GlobalSection(ExtensibilityGlobals) = postSolution
		SolutionGuid = {1B1039F0-E4D9-4F49-AAA2-AD35227DE221}
	EndGlobalSection
EndGlobal
